
Microsoft Visual Studio Solution File, Format Version 12.00
# Visual Studio 15
VisualStudioVersion = 15.0.28307.1433
MinimumVisualStudioVersion = 10.0.40219.1
Project("{FAE04EC0-301F-11D3-BF4B-00C04F79EFBC}") = "generateFonts", "generateFonts\generateFonts.csproj", "{AA9BA7E1-A85A-4304-B946-00B76725187A}"
EndProject
Global
	GlobalSection(SolutionConfigurationPlatforms) = preSolution
		Debug|Any CPU = Debug|Any CPU
		Release|Any CPU = Release|Any CPU
	EndGlobalSection
	GlobalSection(ProjectConfigurationPlatforms) = postSolution
		{AA9BA7E1-A85A-4304-B946-00B76725187A}.Debug|Any CPU.ActiveCfg = Debug|Any CPU
		{AA9BA7E1-A85A-4304-B946-00B76725187A}.Debug|Any CPU.Build.0 = Debug|Any CPU
		{AA9BA7E1-A85A-4304-B946-00B76725187A}.Release|Any CPU.ActiveCfg = Release|Any CPU
		{AA9BA7E1-A85A-4304-B946-00B76725187A}.Release|Any CPU.Build.0 = Release|Any CPU
	EndGlobalSection
	GlobalSection(SolutionProperties) = preSolution
		HideSolutionNode = FALSE
	EndGlobalSection
	GlobalSection(ExtensibilityGlobals) = postSolution
		SolutionGuid = {D10F6476-D893-4D38-A9AF-E66B0E250808}
	EndGlobalSection
EndGlobal
